
Microsoft Visual Studio Solution File, Format Version 12.00
# Visual Studio Version 17
VisualStudioVersion = 17.11.35312.102
MinimumVisualStudioVersion = 10.0.40219.1
Project("{FAE04EC0-301F-11D3-BF4B-00C04F79EFBC}") = "03_KararYapilari", "03_KararYapilari\03_KararYapilari.csproj", "{80AC935B-202C-496E-B6E6-10FD46B8D038}"
EndProject
Project("{FAE04EC0-301F-11D3-BF4B-00C04F79EFBC}") = "06_Arrays", "06_Arrays\06_Arrays.csproj", "{9A09A6D3-2E90-45CE-9898-2BA57E2E4B64}"
EndProject
Project("{FAE04EC0-301F-11D3-BF4B-00C04F79EFBC}") = "07_Foreach", "07_Foreach\07_Foreach.csproj", "{F16839B0-1129-4E6A-A791-AF0E14042474}"
EndProject
Project("{FAE04EC0-301F-11D3-BF4B-00C04F79EFBC}") = "08_Methods", "08_Methods\08_Methods.csproj", "{733135CE-D4D0-4623-A2EB-C1D02B41ECC8}"
EndProject
Project("{FAE04EC0-301F-11D3-BF4B-00C04F79EFBC}") = "09_Database", "09_Database\09_Database.csproj", "{3F157206-5A12-4F2C-9150-87CC6970574B}"
EndProject
Project("{FAE04EC0-301F-11D3-BF4B-00C04F79EFBC}") = "01_MainSubjects", "01_MainSubjects\01_MainSubjects.csproj", "{F3EF0702-659D-403B-B530-86107C58D1EC}"
EndProject
Project("{FAE04EC0-301F-11D3-BF4B-00C04F79EFBC}") = "02_Variables", "02_Variables\02_Variables.csproj", "{42E07597-179A-4576-B163-B03F9B03A388}"
EndProject
Project("{FAE04EC0-301F-11D3-BF4B-00C04F79EFBC}") = "10_DatabaseCrud", "10_DatabaseCrud\10_DatabaseCrud.csproj", "{85656BF8-B55D-4A4C-BAB0-57261BBC15D9}"
EndProject
Project("{FAE04EC0-301F-11D3-BF4B-00C04F79EFBC}") = "11_0OP_EntityLayer", "11_OOP_01\11_0OP_EntityLayer.csproj", "{DF0DBE79-B55D-44C7-A6A1-F027EA89DCE9}"
EndProject
Project("{FAE04EC0-301F-11D3-BF4B-00C04F79EFBC}") = "11_OOP_DataAccessLayer", "11_OOP_DataAccessLayer\11_OOP_DataAccessLayer.csproj", "{DDB6D777-AEF5-4380-A80E-ED22EEDF51A1}"
EndProject
Project("{FAE04EC0-301F-11D3-BF4B-00C04F79EFBC}") = "11_OOP_BusinessLayer", "11_OOP_BusinessLayer\11_OOP_BusinessLayer.csproj", "{83AA3CD6-3D11-4C3B-88F5-5CFA41B776BD}"
EndProject
Project("{FAE04EC0-301F-11D3-BF4B-00C04F79EFBC}") = "11_OOP_PresentationLayer", "11_OOP_PresentationLayer\11_OOP_PresentationLayer.csproj", "{65E38442-7418-4091-860F-125A2F2A8A14}"
EndProject
Project("{FAE04EC0-301F-11D3-BF4B-00C04F79EFBC}") = "04_05_Loop", "04_05_Loop\04_05_Loop.csproj", "{ABB04583-F10B-4C26-9681-E3A6F46DAB2E}"
EndProject
Global
	GlobalSection(SolutionConfigurationPlatforms) = preSolution
		Debug|Any CPU = Debug|Any CPU
		Release|Any CPU = Release|Any CPU
	EndGlobalSection
	GlobalSection(ProjectConfigurationPlatforms) = postSolution
		{80AC935B-202C-496E-B6E6-10FD46B8D038}.Debug|Any CPU.ActiveCfg = Debug|Any CPU
		{80AC935B-202C-496E-B6E6-10FD46B8D038}.Debug|Any CPU.Build.0 = Debug|Any CPU
		{80AC935B-202C-496E-B6E6-10FD46B8D038}.Release|Any CPU.ActiveCfg = Release|Any CPU
		{80AC935B-202C-496E-B6E6-10FD46B8D038}.Release|Any CPU.Build.0 = Release|Any CPU
		{9A09A6D3-2E90-45CE-9898-2BA57E2E4B64}.Debug|Any CPU.ActiveCfg = Debug|Any CPU
		{9A09A6D3-2E90-45CE-9898-2BA57E2E4B64}.Debug|Any CPU.Build.0 = Debug|Any CPU
		{9A09A6D3-2E90-45CE-9898-2BA57E2E4B64}.Release|Any CPU.ActiveCfg = Release|Any CPU
		{9A09A6D3-2E90-45CE-9898-2BA57E2E4B64}.Release|Any CPU.Build.0 = Release|Any CPU
		{F16839B0-1129-4E6A-A791-AF0E14042474}.Debug|Any CPU.ActiveCfg = Debug|Any CPU
		{F16839B0-1129-4E6A-A791-AF0E14042474}.Debug|Any CPU.Build.0 = Debug|Any CPU
		{F16839B0-1129-4E6A-A791-AF0E14042474}.Release|Any CPU.ActiveCfg = Release|Any CPU
		{F16839B0-1129-4E6A-A791-AF0E14042474}.Release|Any CPU.Build.0 = Release|Any CPU
		{733135CE-D4D0-4623-A2EB-C1D02B41ECC8}.Debug|Any CPU.ActiveCfg = Debug|Any CPU
		{733135CE-D4D0-4623-A2EB-C1D02B41ECC8}.Debug|Any CPU.Build.0 = Debug|Any CPU
		{733135CE-D4D0-4623-A2EB-C1D02B41ECC8}.Release|Any CPU.ActiveCfg = Release|Any CPU
		{733135CE-D4D0-4623-A2EB-C1D02B41ECC8}.Release|Any CPU.Build.0 = Release|Any CPU
		{3F157206-5A12-4F2C-9150-87CC6970574B}.Debug|Any CPU.ActiveCfg = Debug|Any CPU
		{3F157206-5A12-4F2C-9150-87CC6970574B}.Debug|Any CPU.Build.0 = Debug|Any CPU
		{3F157206-5A12-4F2C-9150-87CC6970574B}.Release|Any CPU.ActiveCfg = Release|Any CPU
		{3F157206-5A12-4F2C-9150-87CC6970574B}.Release|Any CPU.Build.0 = Release|Any CPU
		{F3EF0702-659D-403B-B530-86107C58D1EC}.Debug|Any CPU.ActiveCfg = Debug|Any CPU
		{F3EF0702-659D-403B-B530-86107C58D1EC}.Debug|Any CPU.Build.0 = Debug|Any CPU
		{F3EF0702-659D-403B-B530-86107C58D1EC}.Release|Any CPU.ActiveCfg = Release|Any CPU
		{F3EF0702-659D-403B-B530-86107C58D1EC}.Release|Any CPU.Build.0 = Release|Any CPU
		{42E07597-179A-4576-B163-B03F9B03A388}.Debug|Any CPU.ActiveCfg = Debug|Any CPU
		{42E07597-179A-4576-B163-B03F9B03A388}.Debug|Any CPU.Build.0 = Debug|Any CPU
		{42E07597-179A-4576-B163-B03F9B03A388}.Release|Any CPU.ActiveCfg = Release|Any CPU
		{42E07597-179A-4576-B163-B03F9B03A388}.Release|Any CPU.Build.0 = Release|Any CPU
		{85656BF8-B55D-4A4C-BAB0-57261BBC15D9}.Debug|Any CPU.ActiveCfg = Debug|Any CPU
		{85656BF8-B55D-4A4C-BAB0-57261BBC15D9}.Debug|Any CPU.Build.0 = Debug|Any CPU
		{85656BF8-B55D-4A4C-BAB0-57261BBC15D9}.Release|Any CPU.ActiveCfg = Release|Any CPU
		{85656BF8-B55D-4A4C-BAB0-57261BBC15D9}.Release|Any CPU.Build.0 = Release|Any CPU
		{DF0DBE79-B55D-44C7-A6A1-F027EA89DCE9}.Debug|Any CPU.ActiveCfg = Debug|Any CPU
		{DF0DBE79-B55D-44C7-A6A1-F027EA89DCE9}.Debug|Any CPU.Build.0 = Debug|Any CPU
		{DF0DBE79-B55D-44C7-A6A1-F027EA89DCE9}.Release|Any CPU.ActiveCfg = Release|Any CPU
		{DF0DBE79-B55D-44C7-A6A1-F027EA89DCE9}.Release|Any CPU.Build.0 = Release|Any CPU
		{DDB6D777-AEF5-4380-A80E-ED22EEDF51A1}.Debug|Any CPU.ActiveCfg = Debug|Any CPU
		{DDB6D777-AEF5-4380-A80E-ED22EEDF51A1}.Debug|Any CPU.Build.0 = Debug|Any CPU
		{DDB6D777-AEF5-4380-A80E-ED22EEDF51A1}.Release|Any CPU.ActiveCfg = Release|Any CPU
		{DDB6D777-AEF5-4380-A80E-ED22EEDF51A1}.Release|Any CPU.Build.0 = Release|Any CPU
		{83AA3CD6-3D11-4C3B-88F5-5CFA41B776BD}.Debug|Any CPU.ActiveCfg = Debug|Any CPU
		{83AA3CD6-3D11-4C3B-88F5-5CFA41B776BD}.Debug|Any CPU.Build.0 = Debug|Any CPU
		{83AA3CD6-3D11-4C3B-88F5-5CFA41B776BD}.Release|Any CPU.ActiveCfg = Release|Any CPU
		{83AA3CD6-3D11-4C3B-88F5-5CFA41B776BD}.Release|Any CPU.Build.0 = Release|Any CPU
		{65E38442-7418-4091-860F-125A2F2A8A14}.Debug|Any CPU.ActiveCfg = Debug|Any CPU
		{65E38442-7418-4091-860F-125A2F2A8A14}.Debug|Any CPU.Build.0 = Debug|Any CPU
		{65E38442-7418-4091-860F-125A2F2A8A14}.Release|Any CPU.ActiveCfg = Release|Any CPU
		{65E38442-7418-4091-860F-125A2F2A8A14}.Release|Any CPU.Build.0 = Release|Any CPU
		{ABB04583-F10B-4C26-9681-E3A6F46DAB2E}.Debug|Any CPU.ActiveCfg = Debug|Any CPU
		{ABB04583-F10B-4C26-9681-E3A6F46DAB2E}.Debug|Any CPU.Build.0 = Debug|Any CPU
		{ABB04583-F10B-4C26-9681-E3A6F46DAB2E}.Release|Any CPU.ActiveCfg = Release|Any CPU
		{ABB04583-F10B-4C26-9681-E3A6F46DAB2E}.Release|Any CPU.Build.0 = Release|Any CPU
	EndGlobalSection
	GlobalSection(SolutionProperties) = preSolution
		HideSolutionNode = FALSE
	EndGlobalSection
	GlobalSection(ExtensibilityGlobals) = postSolution
		SolutionGuid = {A5438D93-5422-4A0E-BC8B-2ABBD98BF027}
	EndGlobalSection
EndGlobal
